Microsoft Visual Studio Solution File, Format Version 8.00
Project("{8BC9CEB8-8B4A-11D0-8D11-00A0C91BC942}") = "msg", "msg.vcproj", "{72D655DC-D185-4A2B-835F-489BADE3DC19}"
	ProjectSection(ProjectDependencies) = postProject
	EndProjectSection
EndProject
Global
	GlobalSection(SolutionConfiguration) = preSolution
		Debug = Debug
		Release = Release
	EndGlobalSection
	GlobalSection(ProjectConfiguration) = postSolution
		{72D655DC-D185-4A2B-835F-489BADE3DC19}.Debug.ActiveCfg = Debug|Win32
		{72D655DC-D185-4A2B-835F-489BADE3DC19}.Debug.Build.0 = Debug|Win32
		{72D655DC-D185-4A2B-835F-489BADE3DC19}.Release.ActiveCfg = Release|Win32
		{72D655DC-D185-4A2B-835F-489BADE3DC19}.Release.Build.0 = Release|Win32
	EndGlobalSection
	GlobalSection(ExtensibilityGlobals) = postSolution
	EndGlobalSection
	GlobalSection(ExtensibilityAddIns) = postSolution
	EndGlobalSection
EndGlobal
