
Microsoft Visual Studio Solution File, Format Version 9.00
# Visual Studio 2005
Project("{8BC9CEB8-8B4A-11D0-8D11-00A0C91BC942}") = "ConsoleDll", "ConsoleDll\ConsoleDll.vcproj", "{B0AD2C1B-B682-4C71-8149-76D1ABEE5C8A}"
EndProject
Project("{8BC9CEB8-8B4A-11D0-8D11-00A0C91BC942}") = "LogSystem", "LogSystem\LogSystem.vcproj", "{BF55FCC9-3FA0-4CD8-B68E-1078AD40BA2C}"
EndProject
Global
	GlobalSection(SolutionConfigurationPlatforms) = preSolution
		Debug|Win32 = Debug|Win32
		Release|Win32 = Release|Win32
	EndGlobalSection
	GlobalSection(ProjectConfigurationPlatforms) = postSolution
		{B0AD2C1B-B682-4C71-8149-76D1ABEE5C8A}.Debug|Win32.ActiveCfg = Debug|Win32
		{B0AD2C1B-B682-4C71-8149-76D1ABEE5C8A}.Debug|Win32.Build.0 = Debug|Win32
		{B0AD2C1B-B682-4C71-8149-76D1ABEE5C8A}.Release|Win32.ActiveCfg = Release|Win32
		{B0AD2C1B-B682-4C71-8149-76D1ABEE5C8A}.Release|Win32.Build.0 = Release|Win32
		{BF55FCC9-3FA0-4CD8-B68E-1078AD40BA2C}.Debug|Win32.ActiveCfg = Debug|Win32
		{BF55FCC9-3FA0-4CD8-B68E-1078AD40BA2C}.Debug|Win32.Build.0 = Debug|Win32
		{BF55FCC9-3FA0-4CD8-B68E-1078AD40BA2C}.Release|Win32.ActiveCfg = Release|Win32
		{BF55FCC9-3FA0-4CD8-B68E-1078AD40BA2C}.Release|Win32.Build.0 = Release|Win32
	EndGlobalSection
	GlobalSection(SolutionProperties) = preSolution
		HideSolutionNode = FALSE
	EndGlobalSection
EndGlobal
