
Microsoft Visual Studio Solution File, Format Version 10.00
# Visual Studio 2008
Project("{8BC9CEB8-8B4A-11D0-8D11-00A0C91BC942}") = "LibreCommander", "LibreCommander\LibreCommander.vcproj", "{B2E300A5-1211-493C-9BFD-52E698382986}"
EndProject
Global
	GlobalSection(SolutionConfigurationPlatforms) = preSolution
		Debug|Win32 = Debug|Win32
		Release|Win32 = Release|Win32
	EndGlobalSection
	GlobalSection(ProjectConfigurationPlatforms) = postSolution
		{B2E300A5-1211-493C-9BFD-52E698382986}.Debug|Win32.ActiveCfg = Debug|Win32
		{B2E300A5-1211-493C-9BFD-52E698382986}.Debug|Win32.Build.0 = Debug|Win32
		{B2E300A5-1211-493C-9BFD-52E698382986}.Release|Win32.ActiveCfg = Release|Win32
		{B2E300A5-1211-493C-9BFD-52E698382986}.Release|Win32.Build.0 = Release|Win32
	EndGlobalSection
	GlobalSection(SolutionProperties) = preSolution
		HideSolutionNode = FALSE
	EndGlobalSection
EndGlobal
